// !$*UTF8*$!
{
	archiveVersion = 1;
	classes = {
	};
	objectVersion = 46;
	objects = {

/* Begin PBXBuildFile section */
		05CB5F2414E8711C00A9AA37 /* AsyncSocket.m in Sources */ = {isa = PBXBuildFile; fileRef = 05CB5F1F14E8711C00A9AA37 /* AsyncSocket.m */; settings = {COMPILER_FLAGS = "-fno-objc-arc"; }; };
		05CB5F2514E8711C00A9AA37 /* NSString+UUID.m in Sources */ = {isa = PBXBuildFile; fileRef = 05CB5F2114E8711C00A9AA37 /* NSString+UUID.m */; };
		05CB5F2614E8711C00A9AA37 /* TCAsyncHashProtocol.m in Sources */ = {isa = PBXBuildFile; fileRef = 05CB5F2314E8711C00A9AA37 /* TCAsyncHashProtocol.m */; };
		05CB5F2914E8716E00A9AA37 /* EnviroClient.m in Sources */ = {isa = PBXBuildFile; fileRef = 05CB5F2814E8716E00A9AA37 /* EnviroClient.m */; };
		500DEB4514E79D2C00EAC80F /* SPCoreAudioController.m in Sources */ = {isa = PBXBuildFile; fileRef = 500DEB4414E79D2C00EAC80F /* SPCoreAudioController.m */; };
		500DEB4814E79DB100EAC80F /* SPCircularBuffer.m in Sources */ = {isa = PBXBuildFile; fileRef = 500DEB4714E79DB100EAC80F /* SPCircularBuffer.m */; };
		500DEB4A14E79F7F00EAC80F /* CoreAudio.framework in Frameworks */ = {isa = PBXBuildFile; fileRef = 500DEB4914E79F7F00EAC80F /* CoreAudio.framework */; };
		500DEB4E14E79FA200EAC80F /* AudioToolbox.framework in Frameworks */ = {isa = PBXBuildFile; fileRef = 500DEB4D14E79FA200EAC80F /* AudioToolbox.framework */; };
		500DEB5114E7ACEF00EAC80F /* EnvironmentAmbienceController.m in Sources */ = {isa = PBXBuildFile; fileRef = 500DEB5014E7ACEF00EAC80F /* EnvironmentAmbienceController.m */; };
		500DEB5314E82F1E00EAC80F /* moss.jpg in Resources */ = {isa = PBXBuildFile; fileRef = 500DEB5214E82F1E00EAC80F /* moss.jpg */; };
		502CDB0214E75BAF00F60766 /* UIKit.framework in Frameworks */ = {isa = PBXBuildFile; fileRef = 502CDB0114E75BAF00F60766 /* UIKit.framework */; };
		502CDB0414E75BAF00F60766 /* Foundation.framework in Frameworks */ = {isa = PBXBuildFile; fileRef = 502CDB0314E75BAF00F60766 /* Foundation.framework */; };
		502CDB0614E75BAF00F60766 /* CoreGraphics.framework in Frameworks */ = {isa = PBXBuildFile; fileRef = 502CDB0514E75BAF00F60766 /* CoreGraphics.framework */; };
		502CDB0814E75BAF00F60766 /* CoreData.framework in Frameworks */ = {isa = PBXBuildFile; fileRef = 502CDB0714E75BAF00F60766 /* CoreData.framework */; };
		502CDB0E14E75BAF00F60766 /* InfoPlist.strings in Resources */ = {isa = PBXBuildFile; fileRef = 502CDB0C14E75BAF00F60766 /* InfoPlist.strings */; };
		502CDB1014E75BAF00F60766 /* main.m in Sources */ = {isa = PBXBuildFile; fileRef = 502CDB0F14E75BAF00F60766 /* main.m */; };
		502CDB1414E75BAF00F60766 /* AppDelegate.m in Sources */ = {isa = PBXBuildFile; fileRef = 502CDB1314E75BAF00F60766 /* AppDelegate.m */; };
		502CDB1714E75BAF00F60766 /* Ambience_Board.xcdatamodeld in Sources */ = {isa = PBXBuildFile; fileRef = 502CDB1514E75BAF00F60766 /* Ambience_Board.xcdatamodeld */; };
		502CDB1A14E75BAF00F60766 /* MasterViewController.m in Sources */ = {isa = PBXBuildFile; fileRef = 502CDB1914E75BAF00F60766 /* MasterViewController.m */; };
		502CDB1D14E75BAF00F60766 /* DetailViewController.m in Sources */ = {isa = PBXBuildFile; fileRef = 502CDB1C14E75BAF00F60766 /* DetailViewController.m */; };
		502CDB2014E75BAF00F60766 /* MasterViewController.xib in Resources */ = {isa = PBXBuildFile; fileRef = 502CDB1E14E75BAF00F60766 /* MasterViewController.xib */; };
		502CDB2314E75BAF00F60766 /* DetailViewController.xib in Resources */ = {isa = PBXBuildFile; fileRef = 502CDB2114E75BAF00F60766 /* DetailViewController.xib */; };
		502CDC5B14E76B3F00F60766 /* AQGridView.m in Sources */ = {isa = PBXBuildFile; fileRef = 502CDC4714E76B3F00F60766 /* AQGridView.m */; };
		502CDC5C14E76B3F00F60766 /* AQGridViewAnimatorItem.m in Sources */ = {isa = PBXBuildFile; fileRef = 502CDC4914E76B3F00F60766 /* AQGridViewAnimatorItem.m */; };
		502CDC5D14E76B3F00F60766 /* AQGridViewCell.m in Sources */ = {isa = PBXBuildFile; fileRef = 502CDC4C14E76B3F00F60766 /* AQGridViewCell.m */; };
		502CDC5E14E76B3F00F60766 /* AQGridViewController.m in Sources */ = {isa = PBXBuildFile; fileRef = 502CDC4E14E76B3F00F60766 /* AQGridViewController.m */; };
		502CDC5F14E76B3F00F60766 /* AQGridViewData.m in Sources */ = {isa = PBXBuildFile; fileRef = 502CDC5014E76B3F00F60766 /* AQGridViewData.m */; };
		502CDC6014E76B3F00F60766 /* AQGridViewUpdateInfo.m in Sources */ = {isa = PBXBuildFile; fileRef = 502CDC5214E76B3F00F60766 /* AQGridViewUpdateInfo.m */; };
		502CDC6114E76B3F00F60766 /* AQGridViewUpdateItem.m in Sources */ = {isa = PBXBuildFile; fileRef = 502CDC5414E76B3F00F60766 /* AQGridViewUpdateItem.m */; };
		502CDC6214E76B3F00F60766 /* NSIndexSet+AQIndexesOutsideSet.m in Sources */ = {isa = PBXBuildFile; fileRef = 502CDC5614E76B3F00F60766 /* NSIndexSet+AQIndexesOutsideSet.m */; };
		502CDC6314E76B3F00F60766 /* NSIndexSet+AQIsSetContiguous.m in Sources */ = {isa = PBXBuildFile; fileRef = 502CDC5814E76B3F00F60766 /* NSIndexSet+AQIsSetContiguous.m */; };
		502CDC6414E76B3F00F60766 /* UIColor+AQGridView.m in Sources */ = {isa = PBXBuildFile; fileRef = 502CDC5A14E76B3F00F60766 /* UIColor+AQGridView.m */; };
		502CDC6614E76B8B00F60766 /* QuartzCore.framework in Frameworks */ = {isa = PBXBuildFile; fileRef = 502CDC6514E76B8B00F60766 /* QuartzCore.framework */; };
		502CDC6A14E76E9600F60766 /* EnvironmentCellView.m in Sources */ = {isa = PBXBuildFile; fileRef = 502CDC6914E76E9600F60766 /* EnvironmentCellView.m */; };
		502CDC7D14E7740200F60766 /* background.png in Resources */ = {isa = PBXBuildFile; fileRef = 502CDC7C14E7740200F60766 /* background.png */; };
		502CDC8F14E7785100F60766 /* Board.m in Sources */ = {isa = PBXBuildFile; fileRef = 502CDC8E14E7785100F60766 /* Board.m */; };
		502CDC9214E7785100F60766 /* Track.m in Sources */ = {isa = PBXBuildFile; fileRef = 502CDC9114E7785100F60766 /* Track.m */; };
		50869B0614E784A70013D354 /* Environment.m in Sources */ = {isa = PBXBuildFile; fileRef = 50869B0514E784A70013D354 /* Environment.m */; };
		50869B1414E788130013D354 /* SystemConfiguration.framework in Frameworks */ = {isa = PBXBuildFile; fileRef = 50869B1314E788130013D354 /* SystemConfiguration.framework */; };
		50869B1614E788190013D354 /* CFNetwork.framework in Frameworks */ = {isa = PBXBuildFile; fileRef = 50869B1514E788190013D354 /* CFNetwork.framework */; };
		50869B1814E7881E0013D354 /* libstdc++.dylib in Frameworks */ = {isa = PBXBuildFile; fileRef = 50869B1714E7881E0013D354 /* libstdc++.dylib */; };
		50869B1B14E788630013D354 /* libCocoaLibSpotify.a in Frameworks */ = {isa = PBXBuildFile; fileRef = 50869B0F14E787FA0013D354 /* libCocoaLibSpotify.a */; };
		508FC48914E78DA700E602D0 /* SPLoginViewController_iPad.xib in Resources */ = {isa = PBXBuildFile; fileRef = 508FC48514E78DA700E602D0 /* SPLoginViewController_iPad.xib */; };
		508FC48A14E78DA700E602D0 /* SPLoginViewController_iPhone.xib in Resources */ = {isa = PBXBuildFile; fileRef = 508FC48614E78DA700E602D0 /* SPLoginViewController_iPhone.xib */; };
		508FC48B14E78DA700E602D0 /* SPLoginViewController.m in Sources */ = {isa = PBXBuildFile; fileRef = 508FC48814E78DA700E602D0 /* SPLoginViewController.m */; };
		50956DC514E77C8000993BFB /* EnvironmentEditorViewController.m in Sources */ = {isa = PBXBuildFile; fileRef = 50956DC314E77C8000993BFB /* EnvironmentEditorViewController.m */; };
		50956DC614E77C8000993BFB /* EnvironmentEditorViewController.xib in Resources */ = {isa = PBXBuildFile; fileRef = 50956DC414E77C8000993BFB /* EnvironmentEditorViewController.xib */; };
		50956DCA14E781B200993BFB /* TrackChooserViewController.m in Sources */ = {isa = PBXBuildFile; fileRef = 50956DC814E781B200993BFB /* TrackChooserViewController.m */; };
		50956DCB14E781B200993BFB /* TrackChooserViewController.xib in Resources */ = {isa = PBXBuildFile; fileRef = 50956DC914E781B200993BFB /* TrackChooserViewController.xib */; };
/* End PBXBuildFile section */

/* Begin PBXContainerItemProxy section */
		50869B0E14E787FA0013D354 /* PBXContainerItemProxy */ = {
			isa = PBXContainerItemProxy;
			containerPortal = 50869B0714E787FA0013D354 /* CocoaLibSpotify iOS Library.xcodeproj */;
			proxyType = 2;
			remoteGlobalIDString = 50AF49DC1439CBFE00E4A5EF;
			remoteInfo = CocoaLibSpotify;
		};
		50869B1914E7885E0013D354 /* PBXContainerItemProxy */ = {
			isa = PBXContainerItemProxy;
			containerPortal = 50869B0714E787FA0013D354 /* CocoaLibSpotify iOS Library.xcodeproj */;
			proxyType = 1;
			remoteGlobalIDString = 50AF49DB1439CBFE00E4A5EF;
			remoteInfo = CocoaLibSpotify;
		};
/* End PBXContainerItemProxy section */

/* Begin PBXFileReference section */
		05CB5F1E14E8711C00A9AA37 /* AsyncSocket.h */ = {isa = PBXFileReference; fileEncoding = 4; lastKnownFileType = sourcecode.c.h; name = AsyncSocket.h; path = envirod/AsyncSocket/RunLoop/AsyncSocket.h; sourceTree = "<group>"; };
		05CB5F1F14E8711C00A9AA37 /* AsyncSocket.m */ = {isa = PBXFileReference; fileEncoding = 4; lastKnownFileType = sourcecode.c.objc; name = AsyncSocket.m; path = envirod/AsyncSocket/RunLoop/AsyncSocket.m; sourceTree = "<group>"; };
		05CB5F2014E8711C00A9AA37 /* NSString+UUID.h */ = {isa = PBXFileReference; fileEncoding = 4; lastKnownFileType = sourcecode.c.h; name = "NSString+UUID.h"; path = "envirod/TCHashProto/NSString+UUID.h"; sourceTree = "<group>"; };
		05CB5F2114E8711C00A9AA37 /* NSString+UUID.m */ = {isa = PBXFileReference; fileEncoding = 4; lastKnownFileType = sourcecode.c.objc; name = "NSString+UUID.m"; path = "envirod/TCHashProto/NSString+UUID.m"; sourceTree = "<group>"; };
		05CB5F2214E8711C00A9AA37 /* TCAsyncHashProtocol.h */ = {isa = PBXFileReference; fileEncoding = 4; lastKnownFileType = sourcecode.c.h; name = TCAsyncHashProtocol.h; path = envirod/TCHashProto/TCAsyncHashProtocol.h; sourceTree = "<group>"; };
		05CB5F2314E8711C00A9AA37 /* TCAsyncHashProtocol.m */ = {isa = PBXFileReference; fileEncoding = 4; lastKnownFileType = sourcecode.c.objc; name = TCAsyncHashProtocol.m; path = envirod/TCHashProto/TCAsyncHashProtocol.m; sourceTree = "<group>"; };
		05CB5F2714E8716E00A9AA37 /* EnviroClient.h */ = {isa = PBXFileReference; fileEncoding = 4; lastKnownFileType = sourcecode.c.h; name = EnviroClient.h; path = envirod/envirod/EnviroClient.h; sourceTree = SOURCE_ROOT; };
		05CB5F2814E8716E00A9AA37 /* EnviroClient.m */ = {isa = PBXFileReference; fileEncoding = 4; lastKnownFileType = sourcecode.c.objc; name = EnviroClient.m; path = envirod/envirod/EnviroClient.m; sourceTree = SOURCE_ROOT; };
		500DEB4314E79D2C00EAC80F /* SPCoreAudioController.h */ = {isa = PBXFileReference; fileEncoding = 4; lastKnownFileType = sourcecode.c.h; name = SPCoreAudioController.h; path = Shared/SPCoreAudioController.h; sourceTree = SOURCE_ROOT; };
		500DEB4414E79D2C00EAC80F /* SPCoreAudioController.m */ = {isa = PBXFileReference; fileEncoding = 4; lastKnownFileType = sourcecode.c.objc; name = SPCoreAudioController.m; path = Shared/SPCoreAudioController.m; sourceTree = SOURCE_ROOT; };
		500DEB4614E79DB100EAC80F /* SPCircularBuffer.h */ = {isa = PBXFileReference; fileEncoding = 4; lastKnownFileType = sourcecode.c.h; name = SPCircularBuffer.h; path = Shared/SPCircularBuffer.h; sourceTree = SOURCE_ROOT; };
		500DEB4714E79DB100EAC80F /* SPCircularBuffer.m */ = {isa = PBXFileReference; fileEncoding = 4; lastKnownFileType = sourcecode.c.objc; name = SPCircularBuffer.m; path = Shared/SPCircularBuffer.m; sourceTree = SOURCE_ROOT; };
		500DEB4914E79F7F00EAC80F /* CoreAudio.framework */ = {isa = PBXFileReference; lastKnownFileType = wrapper.framework; name = CoreAudio.framework; path = System/Library/Frameworks/CoreAudio.framework; sourceTree = SDKROOT; };
		500DEB4D14E79FA200EAC80F /* AudioToolbox.framework */ = {isa = PBXFileReference; lastKnownFileType = wrapper.framework; name = AudioToolbox.framework; path = System/Library/Frameworks/AudioToolbox.framework; sourceTree = SDKROOT; };
		500DEB4F14E7ACEF00EAC80F /* EnvironmentAmbienceController.h */ = {isa = PBXFileReference; fileEncoding = 4; lastKnownFileType = sourcecode.c.h; path = EnvironmentAmbienceController.h; sourceTree = "<group>"; };
		500DEB5014E7ACEF00EAC80F /* EnvironmentAmbienceController.m */ = {isa = PBXFileReference; fileEncoding = 4; lastKnownFileType = sourcecode.c.objc; path = EnvironmentAmbienceController.m; sourceTree = "<group>"; };
		500DEB5214E82F1E00EAC80F /* moss.jpg */ = {isa = PBXFileReference; lastKnownFileType = image.jpeg; path = moss.jpg; sourceTree = "<group>"; };
		502CDAFD14E75BAF00F60766 /* Ambience Board.app */ = {isa = PBXFileReference; explicitFileType = wrapper.application; includeInIndex = 0; path = "Ambience Board.app"; sourceTree = BUILT_PRODUCTS_DIR; };
		502CDB0114E75BAF00F60766 /* UIKit.framework */ = {isa = PBXFileReference; lastKnownFileType = wrapper.framework; name = UIKit.framework; path = System/Library/Frameworks/UIKit.framework; sourceTree = SDKROOT; };
		502CDB0314E75BAF00F60766 /* Foundation.framework */ = {isa = PBXFileReference; lastKnownFileType = wrapper.framework; name = Foundation.framework; path = System/Library/Frameworks/Foundation.framework; sourceTree = SDKROOT; };
		502CDB0514E75BAF00F60766 /* CoreGraphics.framework */ = {isa = PBXFileReference; lastKnownFileType = wrapper.framework; name = CoreGraphics.framework; path = System/Library/Frameworks/CoreGraphics.framework; sourceTree = SDKROOT; };
		502CDB0714E75BAF00F60766 /* CoreData.framework */ = {isa = PBXFileReference; lastKnownFileType = wrapper.framework; name = CoreData.framework; path = System/Library/Frameworks/CoreData.framework; sourceTree = SDKROOT; };
		502CDB0B14E75BAF00F60766 /* Ambience Board-Info.plist */ = {isa = PBXFileReference; lastKnownFileType = text.plist.xml; path = "Ambience Board-Info.plist"; sourceTree = "<group>"; };
		502CDB0D14E75BAF00F60766 /* en */ = {isa = PBXFileReference; lastKnownFileType = text.plist.strings; name = en; path = en.lproj/InfoPlist.strings; sourceTree = "<group>"; };
		502CDB0F14E75BAF00F60766 /* main.m */ = {isa = PBXFileReference; lastKnownFileType = sourcecode.c.objc; path = main.m; sourceTree = "<group>"; };
		502CDB1114E75BAF00F60766 /* Ambience Board-Prefix.pch */ = {isa = PBXFileReference; lastKnownFileType = sourcecode.c.h; path = "Ambience Board-Prefix.pch"; sourceTree = "<group>"; };
		502CDB1214E75BAF00F60766 /* AppDelegate.h */ = {isa = PBXFileReference; lastKnownFileType = sourcecode.c.h; path = AppDelegate.h; sourceTree = "<group>"; };
		502CDB1314E75BAF00F60766 /* AppDelegate.m */ = {isa = PBXFileReference; lastKnownFileType = sourcecode.c.objc; path = AppDelegate.m; sourceTree = "<group>"; };
		502CDB1614E75BAF00F60766 /* Ambience_Board.xcdatamodel */ = {isa = PBXFileReference; lastKnownFileType = wrapper.xcdatamodel; path = Ambience_Board.xcdatamodel; sourceTree = "<group>"; };
		502CDB1814E75BAF00F60766 /* MasterViewController.h */ = {isa = PBXFileReference; lastKnownFileType = sourcecode.c.h; path = MasterViewController.h; sourceTree = "<group>"; };
		502CDB1914E75BAF00F60766 /* MasterViewController.m */ = {isa = PBXFileReference; lastKnownFileType = sourcecode.c.objc; path = MasterViewController.m; sourceTree = "<group>"; };
		502CDB1B14E75BAF00F60766 /* DetailViewController.h */ = {isa = PBXFileReference; lastKnownFileType = sourcecode.c.h; path = DetailViewController.h; sourceTree = "<group>"; };
		502CDB1C14E75BAF00F60766 /* DetailViewController.m */ = {isa = PBXFileReference; lastKnownFileType = sourcecode.c.objc; path = DetailViewController.m; sourceTree = "<group>"; };
		502CDB1F14E75BAF00F60766 /* en */ = {isa = PBXFileReference; lastKnownFileType = file.xib; name = en; path = en.lproj/MasterViewController.xib; sourceTree = "<group>"; };
		502CDB2214E75BAF00F60766 /* en */ = {isa = PBXFileReference; lastKnownFileType = file.xib; name = en; path = en.lproj/DetailViewController.xib; sourceTree = "<group>"; };
		502CDC4414E76B3F00F60766 /* AQGridView+CellLayout.h */ = {isa = PBXFileReference; fileEncoding = 4; lastKnownFileType = sourcecode.c.h; path = "AQGridView+CellLayout.h"; sourceTree = "<group>"; };
		502CDC4514E76B3F00F60766 /* AQGridView+CellLocationDelegation.h */ = {isa = PBXFileReference; fileEncoding = 4; lastKnownFileType = sourcecode.c.h; path = "AQGridView+CellLocationDelegation.h"; sourceTree = "<group>"; };
		502CDC4614E76B3F00F60766 /* AQGridView.h */ = {isa = PBXFileReference; fileEncoding = 4; lastKnownFileType = sourcecode.c.h; path = AQGridView.h; sourceTree = "<group>"; };
		502CDC4714E76B3F00F60766 /* AQGridView.m */ = {isa = PBXFileReference; fileEncoding = 4; lastKnownFileType = sourcecode.c.objc; path = AQGridView.m; sourceTree = "<group>"; };
		502CDC4814E76B3F00F60766 /* AQGridViewAnimatorItem.h */ = {isa = PBXFileReference; fileEncoding = 4; lastKnownFileType = sourcecode.c.h; path = AQGridViewAnimatorItem.h; sourceTree = "<group>"; };
		502CDC4914E76B3F00F60766 /* AQGridViewAnimatorItem.m */ = {isa = PBXFileReference; fileEncoding = 4; lastKnownFileType = sourcecode.c.objc; path = AQGridViewAnimatorItem.m; sourceTree = "<group>"; };
		502CDC4A14E76B3F00F60766 /* AQGridViewCell+AQGridViewCellPrivate.h */ = {isa = PBXFileReference; fileEncoding = 4; lastKnownFileType = sourcecode.c.h; path = "AQGridViewCell+AQGridViewCellPrivate.h"; sourceTree = "<group>"; };
		502CDC4B14E76B3F00F60766 /* AQGridViewCell.h */ = {isa = PBXFileReference; fileEncoding = 4; lastKnownFileType = sourcecode.c.h; path = AQGridViewCell.h; sourceTree = "<group>"; };
		502CDC4C14E76B3F00F60766 /* AQGridViewCell.m */ = {isa = PBXFileReference; fileEncoding = 4; lastKnownFileType = sourcecode.c.objc; path = AQGridViewCell.m; sourceTree = "<group>"; };
		502CDC4D14E76B3F00F60766 /* AQGridViewController.h */ = {isa = PBXFileReference; fileEncoding = 4; lastKnownFileType = sourcecode.c.h; path = AQGridViewController.h; sourceTree = "<group>"; };
		502CDC4E14E76B3F00F60766 /* AQGridViewController.m */ = {isa = PBXFileReference; fileEncoding = 4; lastKnownFileType = sourcecode.c.objc; path = AQGridViewController.m; sourceTree = "<group>"; };
		502CDC4F14E76B3F00F60766 /* AQGridViewData.h */ = {isa = PBXFileReference; fileEncoding = 4; lastKnownFileType = sourcecode.c.h; path = AQGridViewData.h; sourceTree = "<group>"; };
		502CDC5014E76B3F00F60766 /* AQGridViewData.m */ = {isa = PBXFileReference; fileEncoding = 4; lastKnownFileType = sourcecode.c.objc; path = AQGridViewData.m; sourceTree = "<group>"; };
		502CDC5114E76B3F00F60766 /* AQGridViewUpdateInfo.h */ = {isa = PBXFileReference; fileEncoding = 4; lastKnownFileType = sourcecode.c.h; path = AQGridViewUpdateInfo.h; sourceTree = "<group>"; };
		502CDC5214E76B3F00F60766 /* AQGridViewUpdateInfo.m */ = {isa = PBXFileReference; fileEncoding = 4; lastKnownFileType = sourcecode.c.objc; path = AQGridViewUpdateInfo.m; sourceTree = "<group>"; };
		502CDC5314E76B3F00F60766 /* AQGridViewUpdateItem.h */ = {isa = PBXFileReference; fileEncoding = 4; lastKnownFileType = sourcecode.c.h; path = AQGridViewUpdateItem.h; sourceTree = "<group>"; };
		502CDC5414E76B3F00F60766 /* AQGridViewUpdateItem.m */ = {isa = PBXFileReference; fileEncoding = 4; lastKnownFileType = sourcecode.c.objc; path = AQGridViewUpdateItem.m; sourceTree = "<group>"; };
		502CDC5514E76B3F00F60766 /* NSIndexSet+AQIndexesOutsideSet.h */ = {isa = PBXFileReference; fileEncoding = 4; lastKnownFileType = sourcecode.c.h; path = "NSIndexSet+AQIndexesOutsideSet.h"; sourceTree = "<group>"; };
		502CDC5614E76B3F00F60766 /* NSIndexSet+AQIndexesOutsideSet.m */ = {isa = PBXFileReference; fileEncoding = 4; lastKnownFileType = sourcecode.c.objc; path = "NSIndexSet+AQIndexesOutsideSet.m"; sourceTree = "<group>"; };
		502CDC5714E76B3F00F60766 /* NSIndexSet+AQIsSetContiguous.h */ = {isa = PBXFileReference; fileEncoding = 4; lastKnownFileType = sourcecode.c.h; path = "NSIndexSet+AQIsSetContiguous.h"; sourceTree = "<group>"; };
		502CDC5814E76B3F00F60766 /* NSIndexSet+AQIsSetContiguous.m */ = {isa = PBXFileReference; fileEncoding = 4; lastKnownFileType = sourcecode.c.objc; path = "NSIndexSet+AQIsSetContiguous.m"; sourceTree = "<group>"; };
		502CDC5914E76B3F00F60766 /* UIColor+AQGridView.h */ = {isa = PBXFileReference; fileEncoding = 4; lastKnownFileType = sourcecode.c.h; path = "UIColor+AQGridView.h"; sourceTree = "<group>"; };
		502CDC5A14E76B3F00F60766 /* UIColor+AQGridView.m */ = {isa = PBXFileReference; fileEncoding = 4; lastKnownFileType = sourcecode.c.objc; path = "UIColor+AQGridView.m"; sourceTree = "<group>"; };
		502CDC6514E76B8B00F60766 /* QuartzCore.framework */ = {isa = PBXFileReference; lastKnownFileType = wrapper.framework; name = QuartzCore.framework; path = System/Library/Frameworks/QuartzCore.framework; sourceTree = SDKROOT; };
		502CDC6814E76E9600F60766 /* EnvironmentCellView.h */ = {isa = PBXFileReference; fileEncoding = 4; lastKnownFileType = sourcecode.c.h; path = EnvironmentCellView.h; sourceTree = "<group>"; };
		502CDC6914E76E9600F60766 /* EnvironmentCellView.m */ = {isa = PBXFileReference; fileEncoding = 4; lastKnownFileType = sourcecode.c.objc; path = EnvironmentCellView.m; sourceTree = "<group>"; };
		502CDC7C14E7740200F60766 /* background.png */ = {isa = PBXFileReference; lastKnownFileType = image.png; path = background.png; sourceTree = "<group>"; };
		502CDC8D14E7785100F60766 /* Board.h */ = {isa = PBXFileReference; fileEncoding = 4; lastKnownFileType = sourcecode.c.h; name = Board.h; path = "../../Ambience Board/Board.h"; sourceTree = "<group>"; };
		502CDC8E14E7785100F60766 /* Board.m */ = {isa = PBXFileReference; fileEncoding = 4; lastKnownFileType = sourcecode.c.objc; name = Board.m; path = "../../Ambience Board/Board.m"; sourceTree = "<group>"; };
		502CDC9014E7785100F60766 /* Track.h */ = {isa = PBXFileReference; fileEncoding = 4; lastKnownFileType = sourcecode.c.h; name = Track.h; path = "../../Ambience Board/Track.h"; sourceTree = "<group>"; };
		502CDC9114E7785100F60766 /* Track.m */ = {isa = PBXFileReference; fileEncoding = 4; lastKnownFileType = sourcecode.c.objc; name = Track.m; path = "../../Ambience Board/Track.m"; sourceTree = "<group>"; };
		50869B0414E784A70013D354 /* Environment.h */ = {isa = PBXFileReference; fileEncoding = 4; lastKnownFileType = sourcecode.c.h; name = Environment.h; path = "Ambience Board/Environment.h"; sourceTree = SOURCE_ROOT; };
		50869B0514E784A70013D354 /* Environment.m */ = {isa = PBXFileReference; fileEncoding = 4; lastKnownFileType = sourcecode.c.objc; name = Environment.m; path = "Ambience Board/Environment.m"; sourceTree = SOURCE_ROOT; };
		50869B0714E787FA0013D354 /* CocoaLibSpotify iOS Library.xcodeproj */ = {isa = PBXFileReference; lastKnownFileType = "wrapper.pb-project"; name = "CocoaLibSpotify iOS Library.xcodeproj"; path = "cocoalibspotify/iOS Library/CocoaLibSpotify iOS Library.xcodeproj"; sourceTree = SOURCE_ROOT; };
		50869B1314E788130013D354 /* SystemConfiguration.framework */ = {isa = PBXFileReference; lastKnownFileType = wrapper.framework; name = SystemConfiguration.framework; path = System/Library/Frameworks/SystemConfiguration.framework; sourceTree = SDKROOT; };
		50869B1514E788190013D354 /* CFNetwork.framework */ = {isa = PBXFileReference; lastKnownFileType = wrapper.framework; name = CFNetwork.framework; path = System/Library/Frameworks/CFNetwork.framework; sourceTree = SDKROOT; };
		50869B1714E7881E0013D354 /* libstdc++.dylib */ = {isa = PBXFileReference; lastKnownFileType = "compiled.mach-o.dylib"; name = "libstdc++.dylib"; path = "usr/lib/libstdc++.dylib"; sourceTree = SDKROOT; };
		508FC48514E78DA700E602D0 /* SPLoginViewController_iPad.xib */ = {isa = PBXFileReference; fileEncoding = 4; lastKnownFileType = file.xib; path = SPLoginViewController_iPad.xib; sourceTree = "<group>"; };
		508FC48614E78DA700E602D0 /* SPLoginViewController_iPhone.xib */ = {isa = PBXFileReference; fileEncoding = 4; lastKnownFileType = file.xib; path = SPLoginViewController_iPhone.xib; sourceTree = "<group>"; };
		508FC48714E78DA700E602D0 /* SPLoginViewController.h */ = {isa = PBXFileReference; fileEncoding = 4; lastKnownFileType = sourcecode.c.h; path = SPLoginViewController.h; sourceTree = "<group>"; };
		508FC48814E78DA700E602D0 /* SPLoginViewController.m */ = {isa = PBXFileReference; fileEncoding = 4; lastKnownFileType = sourcecode.c.objc; path = SPLoginViewController.m; sourceTree = "<group>"; };
		50956DC214E77C8000993BFB /* EnvironmentEditorViewController.h */ = {isa = PBXFileReference; fileEncoding = 4; lastKnownFileType = sourcecode.c.h; path = EnvironmentEditorViewController.h; sourceTree = "<group>"; };
		50956DC314E77C8000993BFB /* EnvironmentEditorViewController.m */ = {isa = PBXFileReference; fileEncoding = 4; lastKnownFileType = sourcecode.c.objc; path = EnvironmentEditorViewController.m; sourceTree = "<group>"; };
		50956DC414E77C8000993BFB /* EnvironmentEditorViewController.xib */ = {isa = PBXFileReference; fileEncoding = 4; lastKnownFileType = file.xib; path = EnvironmentEditorViewController.xib; sourceTree = "<group>"; };
		50956DC714E781B200993BFB /* TrackChooserViewController.h */ = {isa = PBXFileReference; fileEncoding = 4; lastKnownFileType = sourcecode.c.h; path = TrackChooserViewController.h; sourceTree = "<group>"; };
		50956DC814E781B200993BFB /* TrackChooserViewController.m */ = {isa = PBXFileReference; fileEncoding = 4; lastKnownFileType = sourcecode.c.objc; path = TrackChooserViewController.m; sourceTree = "<group>"; };
		50956DC914E781B200993BFB /* TrackChooserViewController.xib */ = {isa = PBXFileReference; fileEncoding = 4; lastKnownFileType = file.xib; path = TrackChooserViewController.xib; sourceTree = "<group>"; };
/* End PBXFileReference section */

/* Begin PBXFrameworksBuildPhase section */
		502CDAFA14E75BAF00F60766 /* Frameworks */ = {
			isa = PBXFrameworksBuildPhase;
			buildActionMask = 2147483647;
			files = (
				500DEB4E14E79FA200EAC80F /* AudioToolbox.framework in Frameworks */,
				500DEB4A14E79F7F00EAC80F /* CoreAudio.framework in Frameworks */,
				50869B1B14E788630013D354 /* libCocoaLibSpotify.a in Frameworks */,
				50869B1814E7881E0013D354 /* libstdc++.dylib in Frameworks */,
				50869B1614E788190013D354 /* CFNetwork.framework in Frameworks */,
				50869B1414E788130013D354 /* SystemConfiguration.framework in Frameworks */,
				502CDC6614E76B8B00F60766 /* QuartzCore.framework in Frameworks */,
				502CDB0614E75BAF00F60766 /* CoreGraphics.framework in Frameworks */,
				502CDB0214E75BAF00F60766 /* UIKit.framework in Frameworks */,
				502CDB0414E75BAF00F60766 /* Foundation.framework in Frameworks */,
				502CDB0814E75BAF00F60766 /* CoreData.framework in Frameworks */,
			);
			runOnlyForDeploymentPostprocessing = 0;
		};
/* End PBXFrameworksBuildPhase section */

/* Begin PBXGroup section */
		500DEB4214E79D2000EAC80F /* Playback */ = {
			isa = PBXGroup;
			children = (
				500DEB4314E79D2C00EAC80F /* SPCoreAudioController.h */,
				500DEB4414E79D2C00EAC80F /* SPCoreAudioController.m */,
				500DEB4614E79DB100EAC80F /* SPCircularBuffer.h */,
				500DEB4714E79DB100EAC80F /* SPCircularBuffer.m */,
				500DEB4F14E7ACEF00EAC80F /* EnvironmentAmbienceController.h */,
				500DEB5014E7ACEF00EAC80F /* EnvironmentAmbienceController.m */,
			);
			name = Playback;
			sourceTree = "<group>";
		};
		502CDAF214E75BAF00F60766 = {
			isa = PBXGroup;
			children = (
				50869B0714E787FA0013D354 /* CocoaLibSpotify iOS Library.xcodeproj */,
				502CDB0914E75BAF00F60766 /* Ambience Board */,
				502CDB0014E75BAF00F60766 /* Frameworks */,
				502CDAFE14E75BAF00F60766 /* Products */,
			);
			sourceTree = "<group>";
		};
		502CDAFE14E75BAF00F60766 /* Products */ = {
			isa = PBXGroup;
			children = (
				502CDAFD14E75BAF00F60766 /* Ambience Board.app */,
			);
			name = Products;
			sourceTree = "<group>";
		};
		502CDB0014E75BAF00F60766 /* Frameworks */ = {
			isa = PBXGroup;
			children = (
				05CB5F1E14E8711C00A9AA37 /* AsyncSocket.h */,
				05CB5F1F14E8711C00A9AA37 /* AsyncSocket.m */,
				05CB5F2014E8711C00A9AA37 /* NSString+UUID.h */,
				05CB5F2114E8711C00A9AA37 /* NSString+UUID.m */,
				05CB5F2214E8711C00A9AA37 /* TCAsyncHashProtocol.h */,
				05CB5F2314E8711C00A9AA37 /* TCAsyncHashProtocol.m */,
				500DEB4D14E79FA200EAC80F /* AudioToolbox.framework */,
				500DEB4914E79F7F00EAC80F /* CoreAudio.framework */,
				50869B1714E7881E0013D354 /* libstdc++.dylib */,
				50869B1514E788190013D354 /* CFNetwork.framework */,
				50869B1314E788130013D354 /* SystemConfiguration.framework */,
				502CDC6514E76B8B00F60766 /* QuartzCore.framework */,
				502CDB0114E75BAF00F60766 /* UIKit.framework */,
				502CDB0314E75BAF00F60766 /* Foundation.framework */,
				502CDB0514E75BAF00F60766 /* CoreGraphics.framework */,
				502CDB0714E75BAF00F60766 /* CoreData.framework */,
			);
			name = Frameworks;
			sourceTree = "<group>";
		};
		502CDB0914E75BAF00F60766 /* Ambience Board */ = {
			isa = PBXGroup;
			children = (
				05CB5F2714E8716E00A9AA37 /* EnviroClient.h */,
				05CB5F2814E8716E00A9AA37 /* EnviroClient.m */,
				502CDB1214E75BAF00F60766 /* AppDelegate.h */,
				502CDB1314E75BAF00F60766 /* AppDelegate.m */,
				500DEB4214E79D2000EAC80F /* Playback */,
				50956DC014E77C5F00993BFB /* View Controllers */,
				502CDC6714E76E6600F60766 /* Views */,
				502CDC8914E7781700F60766 /* Model */,
				502CDC4314E76B3F00F60766 /* AQGridView */,
				502CDB0A14E75BAF00F60766 /* Supporting Files */,
			);
			path = "Ambience Board";
			sourceTree = "<group>";
		};
		502CDB0A14E75BAF00F60766 /* Supporting Files */ = {
			isa = PBXGroup;
			children = (
				502CDC7C14E7740200F60766 /* background.png */,
				500DEB5214E82F1E00EAC80F /* moss.jpg */,
				502CDB0B14E75BAF00F60766 /* Ambience Board-Info.plist */,
				502CDB0C14E75BAF00F60766 /* InfoPlist.strings */,
				502CDB0F14E75BAF00F60766 /* main.m */,
				502CDB1114E75BAF00F60766 /* Ambience Board-Prefix.pch */,
			);
			name = "Supporting Files";
			sourceTree = "<group>";
		};
		502CDC4314E76B3F00F60766 /* AQGridView */ = {
			isa = PBXGroup;
			children = (
				502CDC4414E76B3F00F60766 /* AQGridView+CellLayout.h */,
				502CDC4514E76B3F00F60766 /* AQGridView+CellLocationDelegation.h */,
				502CDC4614E76B3F00F60766 /* AQGridView.h */,
				502CDC4714E76B3F00F60766 /* AQGridView.m */,
				502CDC4814E76B3F00F60766 /* AQGridViewAnimatorItem.h */,
				502CDC4914E76B3F00F60766 /* AQGridViewAnimatorItem.m */,
				502CDC4A14E76B3F00F60766 /* AQGridViewCell+AQGridViewCellPrivate.h */,
				502CDC4B14E76B3F00F60766 /* AQGridViewCell.h */,
				502CDC4C14E76B3F00F60766 /* AQGridViewCell.m */,
				502CDC4D14E76B3F00F60766 /* AQGridViewController.h */,
				502CDC4E14E76B3F00F60766 /* AQGridViewController.m */,
				502CDC4F14E76B3F00F60766 /* AQGridViewData.h */,
				502CDC5014E76B3F00F60766 /* AQGridViewData.m */,
				502CDC5114E76B3F00F60766 /* AQGridViewUpdateInfo.h */,
				502CDC5214E76B3F00F60766 /* AQGridViewUpdateInfo.m */,
				502CDC5314E76B3F00F60766 /* AQGridViewUpdateItem.h */,
				502CDC5414E76B3F00F60766 /* AQGridViewUpdateItem.m */,
				502CDC5514E76B3F00F60766 /* NSIndexSet+AQIndexesOutsideSet.h */,
				502CDC5614E76B3F00F60766 /* NSIndexSet+AQIndexesOutsideSet.m */,
				502CDC5714E76B3F00F60766 /* NSIndexSet+AQIsSetContiguous.h */,
				502CDC5814E76B3F00F60766 /* NSIndexSet+AQIsSetContiguous.m */,
				502CDC5914E76B3F00F60766 /* UIColor+AQGridView.h */,
				502CDC5A14E76B3F00F60766 /* UIColor+AQGridView.m */,
			);
			name = AQGridView;
			path = AQGridView/Classes;
			sourceTree = SOURCE_ROOT;
		};
		502CDC6714E76E6600F60766 /* Views */ = {
			isa = PBXGroup;
			children = (
				502CDC6814E76E9600F60766 /* EnvironmentCellView.h */,
				502CDC6914E76E9600F60766 /* EnvironmentCellView.m */,
			);
			name = Views;
			sourceTree = "<group>";
		};
		502CDC8914E7781700F60766 /* Model */ = {
			isa = PBXGroup;
			children = (
				502CDB1514E75BAF00F60766 /* Ambience_Board.xcdatamodeld */,
				502CDC9014E7785100F60766 /* Track.h */,
				502CDC9114E7785100F60766 /* Track.m */,
				502CDC8D14E7785100F60766 /* Board.h */,
				502CDC8E14E7785100F60766 /* Board.m */,
				50869B0414E784A70013D354 /* Environment.h */,
				50869B0514E784A70013D354 /* Environment.m */,
			);
			name = Model;
			path = ../AQGridView/Classes;
			sourceTree = "<group>";
		};
		50869B0814E787FA0013D354 /* Products */ = {
			isa = PBXGroup;
			children = (
				50869B0F14E787FA0013D354 /* libCocoaLibSpotify.a */,
			);
			name = Products;
			sourceTree = "<group>";
		};
		50956DC014E77C5F00993BFB /* View Controllers */ = {
			isa = PBXGroup;
			children = (
				502CDB1814E75BAF00F60766 /* MasterViewController.h */,
				502CDB1914E75BAF00F60766 /* MasterViewController.m */,
				502CDB1E14E75BAF00F60766 /* MasterViewController.xib */,
				502CDB1B14E75BAF00F60766 /* DetailViewController.h */,
				502CDB1C14E75BAF00F60766 /* DetailViewController.m */,
				502CDB2114E75BAF00F60766 /* DetailViewController.xib */,
				50956DC214E77C8000993BFB /* EnvironmentEditorViewController.h */,
				50956DC314E77C8000993BFB /* EnvironmentEditorViewController.m */,
				50956DC414E77C8000993BFB /* EnvironmentEditorViewController.xib */,
				50956DC714E781B200993BFB /* TrackChooserViewController.h */,
				50956DC814E781B200993BFB /* TrackChooserViewController.m */,
				50956DC914E781B200993BFB /* TrackChooserViewController.xib */,
				508FC48714E78DA700E602D0 /* SPLoginViewController.h */,
				508FC48814E78DA700E602D0 /* SPLoginViewController.m */,
				508FC48514E78DA700E602D0 /* SPLoginViewController_iPad.xib */,
				508FC48614E78DA700E602D0 /* SPLoginViewController_iPhone.xib */,
			);
			name = "View Controllers";
			sourceTree = "<group>";
		};
/* End PBXGroup section */

/* Begin PBXNativeTarget section */
		502CDAFC14E75BAF00F60766 /* Ambience Board */ = {
			isa = PBXNativeTarget;
			buildConfigurationList = 502CDB2614E75BAF00F60766 /* Build configuration list for PBXNativeTarget "Ambience Board" */;
			buildPhases = (
				502CDAF914E75BAF00F60766 /* Sources */,
				502CDAFA14E75BAF00F60766 /* Frameworks */,
				502CDAFB14E75BAF00F60766 /* Resources */,
			);
			buildRules = (
			);
			dependencies = (
				50869B1A14E7885E0013D354 /* PBXTargetDependency */,
			);
			name = "Ambience Board";
			productName = "Ambience Board";
			productReference = 502CDAFD14E75BAF00F60766 /* Ambience Board.app */;
			productType = "com.apple.product-type.application";
		};
/* End PBXNativeTarget section */

/* Begin PBXProject section */
		502CDAF414E75BAF00F60766 /* Project object */ = {
			isa = PBXProject;
			attributes = {
				LastUpgradeCheck = 0420;
				ORGANIZATIONNAME = "KennettNet Software Limited";
			};
			buildConfigurationList = 502CDAF714E75BAF00F60766 /* Build configuration list for PBXProject "Ambience Board" */;
			compatibilityVersion = "Xcode 3.2";
			developmentRegion = English;
			hasScannedForEncodings = 0;
			knownRegions = (
				en,
			);
			mainGroup = 502CDAF214E75BAF00F60766;
			productRefGroup = 502CDAFE14E75BAF00F60766 /* Products */;
			projectDirPath = "";
			projectReferences = (
				{
					ProductGroup = 50869B0814E787FA0013D354 /* Products */;
					ProjectRef = 50869B0714E787FA0013D354 /* CocoaLibSpotify iOS Library.xcodeproj */;
				},
			);
			projectRoot = "";
			targets = (
				502CDAFC14E75BAF00F60766 /* Ambience Board */,
			);
		};
/* End PBXProject section */

/* Begin PBXReferenceProxy section */
		50869B0F14E787FA0013D354 /* libCocoaLibSpotify.a */ = {
			isa = PBXReferenceProxy;
			fileType = archive.ar;
			path = libCocoaLibSpotify.a;
			remoteRef = 50869B0E14E787FA0013D354 /* PBXContainerItemProxy */;
			sourceTree = BUILT_PRODUCTS_DIR;
		};
/* End PBXReferenceProxy section */

/* Begin PBXResourcesBuildPhase section */
		502CDAFB14E75BAF00F60766 /* Resources */ = {
			isa = PBXResourcesBuildPhase;
			buildActionMask = 2147483647;
			files = (
				502CDB0E14E75BAF00F60766 /* InfoPlist.strings in Resources */,
				502CDB2014E75BAF00F60766 /* MasterViewController.xib in Resources */,
				502CDB2314E75BAF00F60766 /* DetailViewController.xib in Resources */,
				502CDC7D14E7740200F60766 /* background.png in Resources */,
				50956DC614E77C8000993BFB /* EnvironmentEditorViewController.xib in Resources */,
				50956DCB14E781B200993BFB /* TrackChooserViewController.xib in Resources */,
				508FC48914E78DA700E602D0 /* SPLoginViewController_iPad.xib in Resources */,
				508FC48A14E78DA700E602D0 /* SPLoginViewController_iPhone.xib in Resources */,
				500DEB5314E82F1E00EAC80F /* moss.jpg in Resources */,
			);
			runOnlyForDeploymentPostprocessing = 0;
		};
/* End PBXResourcesBuildPhase section */

/* Begin PBXSourcesBuildPhase section */
		502CDAF914E75BAF00F60766 /* Sources */ = {
			isa = PBXSourcesBuildPhase;
			buildActionMask = 2147483647;
			files = (
				502CDB1014E75BAF00F60766 /* main.m in Sources */,
				502CDB1414E75BAF00F60766 /* AppDelegate.m in Sources */,
				502CDB1714E75BAF00F60766 /* Ambience_Board.xcdatamodeld in Sources */,
				502CDB1A14E75BAF00F60766 /* MasterViewController.m in Sources */,
				502CDB1D14E75BAF00F60766 /* DetailViewController.m in Sources */,
				502CDC5B14E76B3F00F60766 /* AQGridView.m in Sources */,
				502CDC5C14E76B3F00F60766 /* AQGridViewAnimatorItem.m in Sources */,
				502CDC5D14E76B3F00F60766 /* AQGridViewCell.m in Sources */,
				502CDC5E14E76B3F00F60766 /* AQGridViewController.m in Sources */,
				502CDC5F14E76B3F00F60766 /* AQGridViewData.m in Sources */,
				502CDC6014E76B3F00F60766 /* AQGridViewUpdateInfo.m in Sources */,
				502CDC6114E76B3F00F60766 /* AQGridViewUpdateItem.m in Sources */,
				502CDC6214E76B3F00F60766 /* NSIndexSet+AQIndexesOutsideSet.m in Sources */,
				502CDC6314E76B3F00F60766 /* NSIndexSet+AQIsSetContiguous.m in Sources */,
				502CDC6414E76B3F00F60766 /* UIColor+AQGridView.m in Sources */,
				502CDC6A14E76E9600F60766 /* EnvironmentCellView.m in Sources */,
				502CDC8F14E7785100F60766 /* Board.m in Sources */,
				502CDC9214E7785100F60766 /* Track.m in Sources */,
				50956DC514E77C8000993BFB /* EnvironmentEditorViewController.m in Sources */,
				50956DCA14E781B200993BFB /* TrackChooserViewController.m in Sources */,
				50869B0614E784A70013D354 /* Environment.m in Sources */,
				508FC48B14E78DA700E602D0 /* SPLoginViewController.m in Sources */,
				500DEB4514E79D2C00EAC80F /* SPCoreAudioController.m in Sources */,
				500DEB4814E79DB100EAC80F /* SPCircularBuffer.m in Sources */,
				500DEB5114E7ACEF00EAC80F /* EnvironmentAmbienceController.m in Sources */,
				05CB5F2414E8711C00A9AA37 /* AsyncSocket.m in Sources */,
				05CB5F2514E8711C00A9AA37 /* NSString+UUID.m in Sources */,
				05CB5F2614E8711C00A9AA37 /* TCAsyncHashProtocol.m in Sources */,
				05CB5F2914E8716E00A9AA37 /* EnviroClient.m in Sources */,
			);
			runOnlyForDeploymentPostprocessing = 0;
		};
/* End PBXSourcesBuildPhase section */

/* Begin PBXTargetDependency section */
		50869B1A14E7885E0013D354 /* PBXTargetDependency */ = {
			isa = PBXTargetDependency;
			name = CocoaLibSpotify;
			targetProxy = 50869B1914E7885E0013D354 /* PBXContainerItemProxy */;
		};
/* End PBXTargetDependency section */

/* Begin PBXVariantGroup section */
		502CDB0C14E75BAF00F60766 /* InfoPlist.strings */ = {
			isa = PBXVariantGroup;
			children = (
				502CDB0D14E75BAF00F60766 /* en */,
			);
			name = InfoPlist.strings;
			sourceTree = "<group>";
		};
		502CDB1E14E75BAF00F60766 /* MasterViewController.xib */ = {
			isa = PBXVariantGroup;
			children = (
				502CDB1F14E75BAF00F60766 /* en */,
			);
			name = MasterViewController.xib;
			sourceTree = "<group>";
		};
		502CDB2114E75BAF00F60766 /* DetailViewController.xib */ = {
			isa = PBXVariantGroup;
			children = (
				502CDB2214E75BAF00F60766 /* en */,
			);
			name = DetailViewController.xib;
			sourceTree = "<group>";
		};
/* End PBXVariantGroup section */

/* Begin XCBuildConfiguration section */
		502CDB2414E75BAF00F60766 /* Debug */ = {
			isa = XCBuildConfiguration;
			buildSettings = {
				ALWAYS_SEARCH_USER_PATHS = NO;
				ARCHS = "$(ARCHS_STANDARD_32_BIT)";
				CLANG_ENABLE_OBJC_ARC = YES;
				"CODE_SIGN_IDENTITY[sdk=iphoneos*]" = "iPhone Developer";
				COPY_PHASE_STRIP = NO;
				GCC_C_LANGUAGE_STANDARD = gnu99;
				GCC_DYNAMIC_NO_PIC = NO;
				GCC_OPTIMIZATION_LEVEL = 0;
				GCC_PREPROCESSOR_DEFINITIONS = (
					"DEBUG=1",
					"$(inherited)",
				);
				GCC_SYMBOLS_PRIVATE_EXTERN = NO;
				GCC_VERSION = com.apple.compilers.llvm.clang.1_0;
				GCC_WARN_ABOUT_MISSING_PROTOTYPES = YES;
				GCC_WARN_ABOUT_RETURN_TYPE = YES;
				GCC_WARN_UNUSED_VARIABLE = YES;
				IPHONEOS_DEPLOYMENT_TARGET = 5.0;
				SDKROOT = iphoneos;
				TARGETED_DEVICE_FAMILY = 2;
			};
			name = Debug;
		};
		502CDB2514E75BAF00F60766 /* Release */ = {
			isa = XCBuildConfiguration;
			buildSettings = {
				ALWAYS_SEARCH_USER_PATHS = NO;
				ARCHS = "$(ARCHS_STANDARD_32_BIT)";
				CLANG_ENABLE_OBJC_ARC = YES;
				"CODE_SIGN_IDENTITY[sdk=iphoneos*]" = "iPhone Developer";
				COPY_PHASE_STRIP = YES;
				GCC_C_LANGUAGE_STANDARD = gnu99;
				GCC_VERSION = com.apple.compilers.llvm.clang.1_0;
				GCC_WARN_ABOUT_MISSING_PROTOTYPES = YES;
				GCC_WARN_ABOUT_RETURN_TYPE = YES;
				GCC_WARN_UNUSED_VARIABLE = YES;
				IPHONEOS_DEPLOYMENT_TARGET = 5.0;
				OTHER_CFLAGS = "-DNS_BLOCK_ASSERTIONS=1";
				SDKROOT = iphoneos;
				TARGETED_DEVICE_FAMILY = 2;
				VALIDATE_PRODUCT = YES;
			};
			name = Release;
		};
		502CDB2714E75BAF00F60766 /* Debug */ = {
			isa = XCBuildConfiguration;
			buildSettings = {
				ALWAYS_SEARCH_USER_PATHS = YES;
				GCC_PRECOMPILE_PREFIX_HEADER = YES;
				GCC_PREFIX_HEADER = "Ambience Board/Ambience Board-Prefix.pch";
				INFOPLIST_FILE = "Ambience Board/Ambience Board-Info.plist";
				OTHER_LDFLAGS = (
					"-all_load",
					"-ObjC",
				);
				PRODUCT_NAME = "$(TARGET_NAME)";
				USER_HEADER_SEARCH_PATHS = cocoalibspotify/common;
				WRAPPER_EXTENSION = app;
			};
			name = Debug;
		};
		502CDB2814E75BAF00F60766 /* Release */ = {
			isa = XCBuildConfiguration;
			buildSettings = {
				ALWAYS_SEARCH_USER_PATHS = YES;
				GCC_PRECOMPILE_PREFIX_HEADER = YES;
				GCC_PREFIX_HEADER = "Ambience Board/Ambience Board-Prefix.pch";
				INFOPLIST_FILE = "Ambience Board/Ambience Board-Info.plist";
				OTHER_LDFLAGS = (
					"-all_load",
					"-ObjC",
				);
				PRODUCT_NAME = "$(TARGET_NAME)";
				USER_HEADER_SEARCH_PATHS = cocoalibspotify/common;
				WRAPPER_EXTENSION = app;
			};
			name = Release;
		};
/* End XCBuildConfiguration section */

/* Begin XCConfigurationList section */
		502CDAF714E75BAF00F60766 /* Build configuration list for PBXProject "Ambience Board" */ = {
			isa = XCConfigurationList;
			buildConfigurations = (
				502CDB2414E75BAF00F60766 /* Debug */,
				502CDB2514E75BAF00F60766 /* Release */,
			);
			defaultConfigurationIsVisible = 0;
			defaultConfigurationName = Release;
		};
		502CDB2614E75BAF00F60766 /* Build configuration list for PBXNativeTarget "Ambience Board" */ = {
			isa = XCConfigurationList;
			buildConfigurations = (
				502CDB2714E75BAF00F60766 /* Debug */,
				502CDB2814E75BAF00F60766 /* Release */,
			);
			defaultConfigurationIsVisible = 0;
			defaultConfigurationName = Release;
		};
/* End XCConfigurationList section */

/* Begin XCVersionGroup section */
		502CDB1514E75BAF00F60766 /* Ambience_Board.xcdatamodeld */ = {
			isa = XCVersionGroup;
			children = (
				502CDB1614E75BAF00F60766 /* Ambience_Board.xcdatamodel */,
			);
			currentVersion = 502CDB1614E75BAF00F60766 /* Ambience_Board.xcdatamodel */;
			name = Ambience_Board.xcdatamodeld;
			path = "../../Ambience Board/Ambience_Board.xcdatamodeld";
			sourceTree = "<group>";
			versionGroupType = wrapper.xcdatamodel;
		};
/* End XCVersionGroup section */
	};
	rootObject = 502CDAF414E75BAF00F60766 /* Project object */;
}
